
Microsoft Visual Studio Solution File, Format Version 12.00
# Visual Studio Version 16
VisualStudioVersion = 16.0.29123.88
MinimumVisualStudioVersion = 10.0.40219.1
Project("{FAE04EC0-301F-11D3-BF4B-00C04F79EFBC}") = "Lab11MovieList-NateS", "Lab11MovieList-NateS.csproj", "{BE972600-8F87-487E-ABBF-7D34BD8E2D8C}"
EndProject
Global
	GlobalSection(SolutionConfigurationPlatforms) = preSolution
		Debug|Any CPU = Debug|Any CPU
		Release|Any CPU = Release|Any CPU
	EndGlobalSection
	GlobalSection(ProjectConfigurationPlatforms) = postSolution
		{BE972600-8F87-487E-ABBF-7D34BD8E2D8C}.Debug|Any CPU.ActiveCfg = Debug|Any CPU
		{BE972600-8F87-487E-ABBF-7D34BD8E2D8C}.Debug|Any CPU.Build.0 = Debug|Any CPU
		{BE972600-8F87-487E-ABBF-7D34BD8E2D8C}.Release|Any CPU.ActiveCfg = Release|Any CPU
		{BE972600-8F87-487E-ABBF-7D34BD8E2D8C}.Release|Any CPU.Build.0 = Release|Any CPU
	EndGlobalSection
	GlobalSection(SolutionProperties) = preSolution
		HideSolutionNode = FALSE
	EndGlobalSection
	GlobalSection(ExtensibilityGlobals) = postSolution
		SolutionGuid = {E6314FB4-366B-4E15-8CFF-7CD6BBD266B3}
	EndGlobalSection
EndGlobal
